// !$*UTF8*$!
{
	archiveVersion = 1;
	classes = {
	};
	objectVersion = 77;
	objects = {

/* Begin PBXBuildFile section */
		0F36DAD92D8337030065FE1F /* ComposableArchitecture in Frameworks */ = {isa = PBXBuildFile; productRef = 0F36DAD82D8337030065FE1F /* ComposableArchitecture */; };
/* End PBXBuildFile section */

/* Begin PBXContainerItemProxy section */
		0F36DAAC2D8334750065FE1F /* PBXContainerItemProxy */ = {
			isa = PBXContainerItemProxy;
			containerPortal = 0F36DA932D8334730065FE1F /* Project object */;
			proxyType = 1;
			remoteGlobalIDString = 0F36DA9A2D8334730065FE1F;
			remoteInfo = SwiftUI_TCA_Practice;
		};
		0F36DAB62D8334750065FE1F /* PBXContainerItemProxy */ = {
			isa = PBXContainerItemProxy;
			containerPortal = 0F36DA932D8334730065FE1F /* Project object */;
			proxyType = 1;
			remoteGlobalIDString = 0F36DA9A2D8334730065FE1F;
			remoteInfo = SwiftUI_TCA_Practice;
		};
/* End PBXContainerItemProxy section */

/* Begin PBXFileReference section */
		0F36DA9B2D8334730065FE1F /* SwiftUI_TCA_Practice.app */ = {isa = PBXFileReference; explicitFileType = wrapper.application; includeInIndex = 0; path = SwiftUI_TCA_Practice.app; sourceTree = BUILT_PRODUCTS_DIR; };
		0F36DAAB2D8334750065FE1F /* SwiftUI_TCA_PracticeTests.xctest */ = {isa = PBXFileReference; explicitFileType = wrapper.cfbundle; includeInIndex = 0; path = SwiftUI_TCA_PracticeTests.xctest; sourceTree = BUILT_PRODUCTS_DIR; };
		0F36DAB52D8334750065FE1F /* SwiftUI_TCA_PracticeUITests.xctest */ = {isa = PBXFileReference; explicitFileType = wrapper.cfbundle; includeInIndex = 0; path = SwiftUI_TCA_PracticeUITests.xctest; sourceTree = BUILT_PRODUCTS_DIR; };
/* End PBXFileReference section */

/* Begin PBXFileSystemSynchronizedRootGroup section */
		0F36DA9D2D8334730065FE1F /* SwiftUI_TCA_Practice */ = {
			isa = PBXFileSystemSynchronizedRootGroup;
			path = SwiftUI_TCA_Practice;
			sourceTree = "<group>";
		};
		0F36DAAE2D8334750065FE1F /* SwiftUI_TCA_PracticeTests */ = {
			isa = PBXFileSystemSynchronizedRootGroup;
			path = SwiftUI_TCA_PracticeTests;
			sourceTree = "<group>";
		};
/* End PBXFileSystemSynchronizedRootGroup section */

/* Begin PBXFrameworksBuildPhase section */
		0F36DA982D8334730065FE1F /* Frameworks */ = {
			isa = PBXFrameworksBuildPhase;
			buildActionMask = 2147483647;
			files = (
				0F36DAD92D8337030065FE1F /* ComposableArchitecture in Frameworks */,
			);
			runOnlyForDeploymentPostprocessing = 0;
		};
		0F36DAA82D8334750065FE1F /* Frameworks */ = {
			isa = PBXFrameworksBuildPhase;
			buildActionMask = 2147483647;
			files = (
			);
			runOnlyForDeploymentPostprocessing = 0;
		};
		0F36DAB22D8334750065FE1F /* Frameworks */ = {
			isa = PBXFrameworksBuildPhase;
			buildActionMask = 2147483647;
			files = (
			);
			runOnlyForDeploymentPostprocessing = 0;
		};
/* End PBXFrameworksBuildPhase section */

/* Begin PBXGroup section */
		0F36DA922D8334730065FE1F = {
			isa = PBXGroup;
			children = (
				0F36DA9D2D8334730065FE1F /* SwiftUI_TCA_Practice */,
				0F36DAAE2D8334750065FE1F /* SwiftUI_TCA_PracticeTests */,
				0F36DA9C2D8334730065FE1F /* Products */,
			);
			sourceTree = "<group>";
		};
		0F36DA9C2D8334730065FE1F /* Products */ = {
			isa = PBXGroup;
			children = (
				0F36DA9B2D8334730065FE1F /* SwiftUI_TCA_Practice.app */,
				0F36DAAB2D8334750065FE1F /* SwiftUI_TCA_PracticeTests.xctest */,
				0F36DAB52D8334750065FE1F /* SwiftUI_TCA_PracticeUITests.xctest */,
			);
			name = Products;
			sourceTree = "<group>";
		};
/* End PBXGroup section */

/* Begin PBXNativeTarget section */
		0F36DA9A2D8334730065FE1F /* SwiftUI_TCA_Practice */ = {
			isa = PBXNativeTarget;
			buildConfigurationList = 0F36DABF2D8334750065FE1F /* Build configuration list for PBXNativeTarget "SwiftUI_TCA_Practice" */;
			buildPhases = (
				0F36DA972D8334730065FE1F /* Sources */,
				0F36DA982D8334730065FE1F /* Frameworks */,
				0F36DA992D8334730065FE1F /* Resources */,
			);
			buildRules = (
			);
			dependencies = (
			);
			fileSystemSynchronizedGroups = (
				0F36DA9D2D8334730065FE1F /* SwiftUI_TCA_Practice */,
			);
			name = SwiftUI_TCA_Practice;
			packageProductDependencies = (
				0F36DAD82D8337030065FE1F /* ComposableArchitecture */,
			);
			productName = SwiftUI_TCA_Practice;
			productReference = 0F36DA9B2D8334730065FE1F /* SwiftUI_TCA_Practice.app */;
			productType = "com.apple.product-type.application";
		};
		0F36DAAA2D8334750065FE1F /* SwiftUI_TCA_PracticeTests */ = {
			isa = PBXNativeTarget;
			buildConfigurationList = 0F36DAC22D8334750065FE1F /* Build configuration list for PBXNativeTarget "SwiftUI_TCA_PracticeTests" */;
			buildPhases = (
				0F36DAA72D8334750065FE1F /* Sources */,
				0F36DAA82D8334750065FE1F /* Frameworks */,
				0F36DAA92D8334750065FE1F /* Resources */,
			);
			buildRules = (
			);
			dependencies = (
				0F36DAAD2D8334750065FE1F /* PBXTargetDependency */,
			);
			fileSystemSynchronizedGroups = (
				0F36DAAE2D8334750065FE1F /* SwiftUI_TCA_PracticeTests */,
			);
			name = SwiftUI_TCA_PracticeTests;
			packageProductDependencies = (
			);
			productName = SwiftUI_TCA_PracticeTests;
			productReference = 0F36DAAB2D8334750065FE1F /* SwiftUI_TCA_PracticeTests.xctest */;
			productType = "com.apple.product-type.bundle.unit-test";
		};
		0F36DAB42D8334750065FE1F /* SwiftUI_TCA_PracticeUITests */ = {
			isa = PBXNativeTarget;
			buildConfigurationList = 0F36DAC52D8334750065FE1F /* Build configuration list for PBXNativeTarget "SwiftUI_TCA_PracticeUITests" */;
			buildPhases = (
				0F36DAB12D8334750065FE1F /* Sources */,
				0F36DAB22D8334750065FE1F /* Frameworks */,
				0F36DAB32D8334750065FE1F /* Resources */,
			);
			buildRules = (
			);
			dependencies = (
				0F36DAB72D8334750065FE1F /* PBXTargetDependency */,
			);
			name = SwiftUI_TCA_PracticeUITests;
			packageProductDependencies = (
			);
			productName = SwiftUI_TCA_PracticeUITests;
			productReference = 0F36DAB52D8334750065FE1F /* SwiftUI_TCA_PracticeUITests.xctest */;
			productType = "com.apple.product-type.bundle.ui-testing";
		};
/* End PBXNativeTarget section */

/* Begin PBXProject section */
		0F36DA932D8334730065FE1F /* Project object */ = {
			isa = PBXProject;
			attributes = {
				BuildIndependentTargetsInParallel = 1;
				LastSwiftUpdateCheck = 1620;
				LastUpgradeCheck = 1620;
				TargetAttributes = {
					0F36DA9A2D8334730065FE1F = {
						CreatedOnToolsVersion = 16.2;
					};
					0F36DAAA2D8334750065FE1F = {
						CreatedOnToolsVersion = 16.2;
						TestTargetID = 0F36DA9A2D8334730065FE1F;
					};
					0F36DAB42D8334750065FE1F = {
						CreatedOnToolsVersion = 16.2;
						TestTargetID = 0F36DA9A2D8334730065FE1F;
					};
				};
			};
			buildConfigurationList = 0F36DA962D8334730065FE1F /* Build configuration list for PBXProject "SwiftUI_TCA_Practice" */;
			developmentRegion = en;
			hasScannedForEncodings = 0;
			knownRegions = (
				en,
				Base,
			);
			mainGroup = 0F36DA922D8334730065FE1F;
			minimizedProjectReferenceProxies = 1;
			packageReferences = (
				0F36DAD72D8337030065FE1F /* XCRemoteSwiftPackageReference "swift-composable-architecture" */,
			);
			preferredProjectObjectVersion = 77;
			productRefGroup = 0F36DA9C2D8334730065FE1F /* Products */;
			projectDirPath = "";
			projectRoot = "";
			targets = (
				0F36DA9A2D8334730065FE1F /* SwiftUI_TCA_Practice */,
				0F36DAAA2D8334750065FE1F /* SwiftUI_TCA_PracticeTests */,
				0F36DAB42D8334750065FE1F /* SwiftUI_TCA_PracticeUITests */,
			);
		};
/* End PBXProject section */

/* Begin PBXResourcesBuildPhase section */
		0F36DA992D8334730065FE1F /* Resources */ = {
			isa = PBXResourcesBuildPhase;
			buildActionMask = 2147483647;
			files = (
			);
			runOnlyForDeploymentPostprocessing = 0;
		};
		0F36DAA92D8334750065FE1F /* Resources */ = {
			isa = PBXResourcesBuildPhase;
			buildActionMask = 2147483647;
			files = (
			);
			runOnlyForDeploymentPostprocessing = 0;
		};
		0F36DAB32D8334750065FE1F /* Resources */ = {
			isa = PBXResourcesBuildPhase;
			buildActionMask = 2147483647;
			files = (
			);
			runOnlyForDeploymentPostprocessing = 0;
		};
/* End PBXResourcesBuildPhase section */

/* Begin PBXSourcesBuildPhase section */
		0F36DA972D8334730065FE1F /* Sources */ = {
			isa = PBXSourcesBuildPhase;
			buildActionMask = 2147483647;
			files = (
			);
			runOnlyForDeploymentPostprocessing = 0;
		};
		0F36DAA72D8334750065FE1F /* Sources */ = {
			isa = PBXSourcesBuildPhase;
			buildActionMask = 2147483647;
			files = (
			);
			runOnlyForDeploymentPostprocessing = 0;
		};
		0F36DAB12D8334750065FE1F /* Sources */ = {
			isa = PBXSourcesBuildPhase;
			buildActionMask = 2147483647;
			files = (
			);
			runOnlyForDeploymentPostprocessing = 0;
		};
/* End PBXSourcesBuildPhase section */

/* Begin PBXTargetDependency section */
		0F36DAAD2D8334750065FE1F /* PBXTargetDependency */ = {
			isa = PBXTargetDependency;
			target = 0F36DA9A2D8334730065FE1F /* SwiftUI_TCA_Practice */;
			targetProxy = 0F36DAAC2D8334750065FE1F /* PBXContainerItemProxy */;
		};
		0F36DAB72D8334750065FE1F /* PBXTargetDependency */ = {
			isa = PBXTargetDependency;
			target = 0F36DA9A2D8334730065FE1F /* SwiftUI_TCA_Practice */;
			targetProxy = 0F36DAB62D8334750065FE1F /* PBXContainerItemProxy */;
		};
/* End PBXTargetDependency section */

/* Begin XCBuildConfiguration section */
		0F36DABD2D8334750065FE1F /* Debug */ = {
			isa = XCBuildConfiguration;
			buildSettings = {
				ALWAYS_SEARCH_USER_PATHS = NO;
				ASSETCATALOG_COMPILER_GENERATE_SWIFT_ASSET_SYMBOL_EXTENSIONS = YES;
				CLANG_ANALYZER_NONNULL = YES;
				CLANG_ANALYZER_NUMBER_OBJECT_CONVERSION = YES_AGGRESSIVE;
				CLANG_CXX_LANGUAGE_STANDARD = "gnu++20";
				CLANG_ENABLE_MODULES = YES;
				CLANG_ENABLE_OBJC_ARC = YES;
				CLANG_ENABLE_OBJC_WEAK = YES;
				CLANG_WARN_BLOCK_CAPTURE_AUTORELEASING = YES;
				CLANG_WARN_BOOL_CONVERSION = YES;
				CLANG_WARN_COMMA = YES;
				CLANG_WARN_CONSTANT_CONVERSION = YES;
				CLANG_WARN_DEPRECATED_OBJC_IMPLEMENTATIONS = YES;
				CLANG_WARN_DIRECT_OBJC_ISA_USAGE = YES_ERROR;
				CLANG_WARN_DOCUMENTATION_COMMENTS = YES;
				CLANG_WARN_EMPTY_BODY = YES;
				CLANG_WARN_ENUM_CONVERSION = YES;
				CLANG_WARN_INFINITE_RECURSION = YES;
				CLANG_WARN_INT_CONVERSION = YES;
				CLANG_WARN_NON_LITERAL_NULL_CONVERSION = YES;
				CLANG_WARN_OBJC_IMPLICIT_RETAIN_SELF = YES;
				CLANG_WARN_OBJC_LITERAL_CONVERSION = YES;
				CLANG_WARN_OBJC_ROOT_CLASS = YES_ERROR;
				CLANG_WARN_QUOTED_INCLUDE_IN_FRAMEWORK_HEADER = YES;
				CLANG_WARN_RANGE_LOOP_ANALYSIS = YES;
				CLANG_WARN_STRICT_PROTOTYPES = YES;
				CLANG_WARN_SUSPICIOUS_MOVE = YES;
				CLANG_WARN_UNGUARDED_AVAILABILITY = YES_AGGRESSIVE;
				CLANG_WARN_UNREACHABLE_CODE = YES;
				CLANG_WARN__DUPLICATE_METHOD_MATCH = YES;
				COPY_PHASE_STRIP = NO;
				DEBUG_INFORMATION_FORMAT = dwarf;
				ENABLE_STRICT_OBJC_MSGSEND = YES;
				ENABLE_TESTABILITY = YES;
				ENABLE_USER_SCRIPT_SANDBOXING = YES;
				GCC_C_LANGUAGE_STANDARD = gnu17;
				GCC_DYNAMIC_NO_PIC = NO;
				GCC_NO_COMMON_BLOCKS = YES;
				GCC_OPTIMIZATION_LEVEL = 0;
				GCC_PREPROCESSOR_DEFINITIONS = (
					"DEBUG=1",
					"$(inherited)",
				);
				GCC_WARN_64_TO_32_BIT_CONVERSION = YES;
				GCC_WARN_ABOUT_RETURN_TYPE = YES_ERROR;
				GCC_WARN_UNDECLARED_SELECTOR = YES;
				GCC_WARN_UNINITIALIZED_AUTOS = YES_AGGRESSIVE;
				GCC_WARN_UNUSED_FUNCTION = YES;
				GCC_WARN_UNUSED_VARIABLE = YES;
				IPHONEOS_DEPLOYMENT_TARGET = 18.2;
				LOCALIZATION_PREFERS_STRING_CATALOGS = YES;
				MTL_ENABLE_DEBUG_INFO = INCLUDE_SOURCE;
				MTL_FAST_MATH = YES;
				ONLY_ACTIVE_ARCH = YES;
				SDKROOT = iphoneos;
				SWIFT_ACTIVE_COMPILATION_CONDITIONS = "DEBUG $(inherited)";
				SWIFT_OPTIMIZATION_LEVEL = "-Onone";
			};
			name = Debug;
		};
		0F36DABE2D8334750065FE1F /* Release */ = {
			isa = XCBuildConfiguration;
			buildSettings = {
				ALWAYS_SEARCH_USER_PATHS = NO;
				ASSETCATALOG_COMPILER_GENERATE_SWIFT_ASSET_SYMBOL_EXTENSIONS = YES;
				CLANG_ANALYZER_NONNULL = YES;
				CLANG_ANALYZER_NUMBER_OBJECT_CONVERSION = YES_AGGRESSIVE;
				CLANG_CXX_LANGUAGE_STANDARD = "gnu++20";
				CLANG_ENABLE_MODULES = YES;
				CLANG_ENABLE_OBJC_ARC = YES;
				CLANG_ENABLE_OBJC_WEAK = YES;
				CLANG_WARN_BLOCK_CAPTURE_AUTORELEASING = YES;
				CLANG_WARN_BOOL_CONVERSION = YES;
				CLANG_WARN_COMMA = YES;
				CLANG_WARN_CONSTANT_CONVERSION = YES;
				CLANG_WARN_DEPRECATED_OBJC_IMPLEMENTATIONS = YES;
				CLANG_WARN_DIRECT_OBJC_ISA_USAGE = YES_ERROR;
				CLANG_WARN_DOCUMENTATION_COMMENTS = YES;
				CLANG_WARN_EMPTY_BODY = YES;
				CLANG_WARN_ENUM_CONVERSION = YES;
				CLANG_WARN_INFINITE_RECURSION = YES;
				CLANG_WARN_INT_CONVERSION = YES;
				CLANG_WARN_NON_LITERAL_NULL_CONVERSION = YES;
				CLANG_WARN_OBJC_IMPLICIT_RETAIN_SELF = YES;
				CLANG_WARN_OBJC_LITERAL_CONVERSION = YES;
				CLANG_WARN_OBJC_ROOT_CLASS = YES_ERROR;
				CLANG_WARN_QUOTED_INCLUDE_IN_FRAMEWORK_HEADER = YES;
				CLANG_WARN_RANGE_LOOP_ANALYSIS = YES;
				CLANG_WARN_STRICT_PROTOTYPES = YES;
				CLANG_WARN_SUSPICIOUS_MOVE = YES;
				CLANG_WARN_UNGUARDED_AVAILABILITY = YES_AGGRESSIVE;
				CLANG_WARN_UNREACHABLE_CODE = YES;
				CLANG_WARN__DUPLICATE_METHOD_MATCH = YES;
				COPY_PHASE_STRIP = NO;
				DEBUG_INFORMATION_FORMAT = "dwarf-with-dsym";
				ENABLE_NS_ASSERTIONS = NO;
				ENABLE_STRICT_OBJC_MSGSEND = YES;
				ENABLE_USER_SCRIPT_SANDBOXING = YES;
				GCC_C_LANGUAGE_STANDARD = gnu17;
				GCC_NO_COMMON_BLOCKS = YES;
				GCC_WARN_64_TO_32_BIT_CONVERSION = YES;
				GCC_WARN_ABOUT_RETURN_TYPE = YES_ERROR;
				GCC_WARN_UNDECLARED_SELECTOR = YES;
				GCC_WARN_UNINITIALIZED_AUTOS = YES_AGGRESSIVE;
				GCC_WARN_UNUSED_FUNCTION = YES;
				GCC_WARN_UNUSED_VARIABLE = YES;
				IPHONEOS_DEPLOYMENT_TARGET = 18.2;
				LOCALIZATION_PREFERS_STRING_CATALOGS = YES;
				MTL_ENABLE_DEBUG_INFO = NO;
				MTL_FAST_MATH = YES;
				SDKROOT = iphoneos;
				SWIFT_COMPILATION_MODE = wholemodule;
				VALIDATE_PRODUCT = YES;
			};
			name = Release;
		};
		0F36DAC02D8334750065FE1F /* Debug */ = {
			isa = XCBuildConfiguration;
			buildSettings = {
				ASSETCATALOG_COMPILER_APPICON_NAME = AppIcon;
				ASSETCATALOG_COMPILER_GLOBAL_ACCENT_COLOR_NAME = AccentColor;
				CODE_SIGN_STYLE = Automatic;
				CURRENT_PROJECT_VERSION = 1;
				DEVELOPMENT_ASSET_PATHS = "\"SwiftUI_TCA_Practice/Preview Content\"";
				DEVELOPMENT_TEAM = AFM7G9CPR3;
				ENABLE_PREVIEWS = YES;
				GENERATE_INFOPLIST_FILE = YES;
				INFOPLIST_KEY_UIApplicationSceneManifest_Generation = YES;
				INFOPLIST_KEY_UIApplicationSupportsIndirectInputEvents = YES;
				INFOPLIST_KEY_UILaunchScreen_Generation = YES;
				INFOPLIST_KEY_UISupportedInterfaceOrientations_iPad = "UIInterfaceOrientationPortrait UIInterfaceOrientationPortraitUpsideDown UIInterfaceOrientationLandscapeLeft UIInterfaceOrientationLandscapeRight";
				INFOPLIST_KEY_UISupportedInterfaceOrientations_iPhone = "UIInterfaceOrientationPortrait UIInterfaceOrientationLandscapeLeft UIInterfaceOrientationLandscapeRight";
				LD_RUNPATH_SEARCH_PATHS = (
					"$(inherited)",
					"@executable_path/Frameworks",
				);
				MARKETING_VERSION = 1.0;
				PRODUCT_BUNDLE_IDENTIFIER = "com.ccy.SwiftUI-TCA-Practice";
				PRODUCT_NAME = "$(TARGET_NAME)";
				SWIFT_EMIT_LOC_STRINGS = YES;
				SWIFT_VERSION = 5.0;
				TARGETED_DEVICE_FAMILY = "1,2";
			};
			name = Debug;
		};
		0F36DAC12D8334750065FE1F /* Release */ = {
			isa = XCBuildConfiguration;
			buildSettings = {
				ASSETCATALOG_COMPILER_APPICON_NAME = AppIcon;
				ASSETCATALOG_COMPILER_GLOBAL_ACCENT_COLOR_NAME = AccentColor;
				CODE_SIGN_STYLE = Automatic;
				CURRENT_PROJECT_VERSION = 1;
				DEVELOPMENT_ASSET_PATHS = "\"SwiftUI_TCA_Practice/Preview Content\"";
				DEVELOPMENT_TEAM = AFM7G9CPR3;
				ENABLE_PREVIEWS = YES;
				GENERATE_INFOPLIST_FILE = YES;
				INFOPLIST_KEY_UIApplicationSceneManifest_Generation = YES;
				INFOPLIST_KEY_UIApplicationSupportsIndirectInputEvents = YES;
				INFOPLIST_KEY_UILaunchScreen_Generation = YES;
				INFOPLIST_KEY_UISupportedInterfaceOrientations_iPad = "UIInterfaceOrientationPortrait UIInterfaceOrientationPortraitUpsideDown UIInterfaceOrientationLandscapeLeft UIInterfaceOrientationLandscapeRight";
				INFOPLIST_KEY_UISupportedInterfaceOrientations_iPhone = "UIInterfaceOrientationPortrait UIInterfaceOrientationLandscapeLeft UIInterfaceOrientationLandscapeRight";
				LD_RUNPATH_SEARCH_PATHS = (
					"$(inherited)",
					"@executable_path/Frameworks",
				);
				MARKETING_VERSION = 1.0;
				PRODUCT_BUNDLE_IDENTIFIER = "com.ccy.SwiftUI-TCA-Practice";
				PRODUCT_NAME = "$(TARGET_NAME)";
				SWIFT_EMIT_LOC_STRINGS = YES;
				SWIFT_VERSION = 5.0;
				TARGETED_DEVICE_FAMILY = "1,2";
			};
			name = Release;
		};
		0F36DAC32D8334750065FE1F /* Debug */ = {
			isa = XCBuildConfiguration;
			buildSettings = {
				BUNDLE_LOADER = "$(TEST_HOST)";
				CODE_SIGN_STYLE = Automatic;
				CURRENT_PROJECT_VERSION = 1;
				DEVELOPMENT_TEAM = AFM7G9CPR3;
				GENERATE_INFOPLIST_FILE = YES;
				IPHONEOS_DEPLOYMENT_TARGET = 18.2;
				MARKETING_VERSION = 1.0;
				PRODUCT_BUNDLE_IDENTIFIER = "com.ccy.SwiftUI-TCA-PracticeTests";
				PRODUCT_NAME = "$(TARGET_NAME)";
				SWIFT_EMIT_LOC_STRINGS = NO;
				SWIFT_VERSION = 5.0;
				TARGETED_DEVICE_FAMILY = "1,2";
				TEST_HOST = "$(BUILT_PRODUCTS_DIR)/SwiftUI_TCA_Practice.app/$(BUNDLE_EXECUTABLE_FOLDER_PATH)/SwiftUI_TCA_Practice";
			};
			name = Debug;
		};
		0F36DAC42D8334750065FE1F /* Release */ = {
			isa = XCBuildConfiguration;
			buildSettings = {
				BUNDLE_LOADER = "$(TEST_HOST)";
				CODE_SIGN_STYLE = Automatic;
				CURRENT_PROJECT_VERSION = 1;
				DEVELOPMENT_TEAM = AFM7G9CPR3;
				GENERATE_INFOPLIST_FILE = YES;
				IPHONEOS_DEPLOYMENT_TARGET = 18.2;
				MARKETING_VERSION = 1.0;
				PRODUCT_BUNDLE_IDENTIFIER = "com.ccy.SwiftUI-TCA-PracticeTests";
				PRODUCT_NAME = "$(TARGET_NAME)";
				SWIFT_EMIT_LOC_STRINGS = NO;
				SWIFT_VERSION = 5.0;
				TARGETED_DEVICE_FAMILY = "1,2";
				TEST_HOST = "$(BUILT_PRODUCTS_DIR)/SwiftUI_TCA_Practice.app/$(BUNDLE_EXECUTABLE_FOLDER_PATH)/SwiftUI_TCA_Practice";
			};
			name = Release;
		};
		0F36DAC62D8334750065FE1F /* Debug */ = {
			isa = XCBuildConfiguration;
			buildSettings = {
				CODE_SIGN_STYLE = Automatic;
				CURRENT_PROJECT_VERSION = 1;
				DEVELOPMENT_TEAM = AFM7G9CPR3;
				GENERATE_INFOPLIST_FILE = YES;
				MARKETING_VERSION = 1.0;
				PRODUCT_BUNDLE_IDENTIFIER = "com.ccy.SwiftUI-TCA-PracticeUITests";
				PRODUCT_NAME = "$(TARGET_NAME)";
				SWIFT_EMIT_LOC_STRINGS = NO;
				SWIFT_VERSION = 5.0;
				TARGETED_DEVICE_FAMILY = "1,2";
				TEST_TARGET_NAME = SwiftUI_TCA_Practice;
			};
			name = Debug;
		};
		0F36DAC72D8334750065FE1F /* Release */ = {
			isa = XCBuildConfiguration;
			buildSettings = {
				CODE_SIGN_STYLE = Automatic;
				CURRENT_PROJECT_VERSION = 1;
				DEVELOPMENT_TEAM = AFM7G9CPR3;
				GENERATE_INFOPLIST_FILE = YES;
				MARKETING_VERSION = 1.0;
				PRODUCT_BUNDLE_IDENTIFIER = "com.ccy.SwiftUI-TCA-PracticeUITests";
				PRODUCT_NAME = "$(TARGET_NAME)";
				SWIFT_EMIT_LOC_STRINGS = NO;
				SWIFT_VERSION = 5.0;
				TARGETED_DEVICE_FAMILY = "1,2";
				TEST_TARGET_NAME = SwiftUI_TCA_Practice;
			};
			name = Release;
		};
/* End XCBuildConfiguration section */

/* Begin XCConfigurationList section */
		0F36DA962D8334730065FE1F /* Build configuration list for PBXProject "SwiftUI_TCA_Practice" */ = {
			isa = XCConfigurationList;
			buildConfigurations = (
				0F36DABD2D8334750065FE1F /* Debug */,
				0F36DABE2D8334750065FE1F /* Release */,
			);
			defaultConfigurationIsVisible = 0;
			defaultConfigurationName = Release;
		};
		0F36DABF2D8334750065FE1F /* Build configuration list for PBXNativeTarget "SwiftUI_TCA_Practice" */ = {
			isa = XCConfigurationList;
			buildConfigurations = (
				0F36DAC02D8334750065FE1F /* Debug */,
				0F36DAC12D8334750065FE1F /* Release */,
			);
			defaultConfigurationIsVisible = 0;
			defaultConfigurationName = Release;
		};
		0F36DAC22D8334750065FE1F /* Build configuration list for PBXNativeTarget "SwiftUI_TCA_PracticeTests" */ = {
			isa = XCConfigurationList;
			buildConfigurations = (
				0F36DAC32D8334750065FE1F /* Debug */,
				0F36DAC42D8334750065FE1F /* Release */,
			);
			defaultConfigurationIsVisible = 0;
			defaultConfigurationName = Release;
		};
		0F36DAC52D8334750065FE1F /* Build configuration list for PBXNativeTarget "SwiftUI_TCA_PracticeUITests" */ = {
			isa = XCConfigurationList;
			buildConfigurations = (
				0F36DAC62D8334750065FE1F /* Debug */,
				0F36DAC72D8334750065FE1F /* Release */,
			);
			defaultConfigurationIsVisible = 0;
			defaultConfigurationName = Release;
		};
/* End XCConfigurationList section */

/* Begin XCRemoteSwiftPackageReference section */
		0F36DAD72D8337030065FE1F /* XCRemoteSwiftPackageReference "swift-composable-architecture" */ = {
			isa = XCRemoteSwiftPackageReference;
			repositoryURL = "https://github.com/pointfreeco/swift-composable-architecture.git";
			requirement = {
				kind = upToNextMajorVersion;
				minimumVersion = 1.18.0;
			};
		};
/* End XCRemoteSwiftPackageReference section */

/* Begin XCSwiftPackageProductDependency section */
		0F36DAD82D8337030065FE1F /* ComposableArchitecture */ = {
			isa = XCSwiftPackageProductDependency;
			package = 0F36DAD72D8337030065FE1F /* XCRemoteSwiftPackageReference "swift-composable-architecture" */;
			productName = ComposableArchitecture;
		};
/* End XCSwiftPackageProductDependency section */
	};
	rootObject = 0F36DA932D8334730065FE1F /* Project object */;
}
